# THIS IS AN AUTOGENERATED FILE. DO NOT EDIT THIS FILE DIRECTLY.
# yarn lockfile v1


commander@^2.19.0:
  version "2.20.3"
  resolved "https://registry.yarnpkg.com/commander/-/commander-2.20.3.tgz#fd485e84c03eb4881c20722ba48035e8531aeb33"
  integrity sha512-GpVkmM8vF2vQUkj2LvZmD35JxeJOLCwJ9cUkugyk2nuhbv3+mJvpLYYt+0+USMxE+oj+ey/lJEnhZw75x/OMcQ==

emittery@^0.5.1:
  version "0.5.1"
  resolved "https://registry.yarnpkg.com/emittery/-/emittery-0.5.1.tgz#9fbbf57e9aecc258d727d78858a598eb05ea5c96"
  integrity sha512-sYZXNHH9PhTfs98ROEFVC3bLiR8KSqXQsEHIwZ9J6H0RaQObC3JYq4G8IvDd0b45/LxfGKYBpmaUN4LiKytaNw==

ws@^7.4.6:
  version "7.5.0"
  resolved "https://registry.yarnpkg.com/ws/-/ws-7.5.0.tgz#0033bafea031fb9df041b2026fc72a571ca44691"
  integrity sha512-6ezXvzOZupqKj4jUqbQ9tXuJNo+BR2gU8fFRk3XCP3e0G6WT414u5ELe6Y0vtp7kmSJ3F7YWObSNr1ESsgi4vw==
